
Microsoft Visual Studio Solution File, Format Version 12.00
# Visual Studio Version 17
VisualStudioVersion = 17.12.35707.178
MinimumVisualStudioVersion = 10.0.40219.1
Project("{FAE04EC0-301F-11D3-BF4B-00C04F79EFBC}") = "SEB", "SEB\SEB.csproj", "{C88085B4-E3CD-4B7D-8959-26D96B89740F}"
EndProject
Project("{FAE04EC0-301F-11D3-BF4B-00C04F79EFBC}") = "SEB.Test", "SEB.Test\SEB.Test.csproj", "{7EA9D4BB-A120-4E2B-8F87-7FEEF44E8B34}"
EndProject
Global
	GlobalSection(SolutionConfigurationPlatforms) = preSolution
		Debug|Any CPU = Debug|Any CPU
		Release|Any CPU = Release|Any CPU
	EndGlobalSection
	GlobalSection(ProjectConfigurationPlatforms) = postSolution
		{C88085B4-E3CD-4B7D-8959-26D96B89740F}.Debug|Any CPU.ActiveCfg = Debug|Any CPU
		{C88085B4-E3CD-4B7D-8959-26D96B89740F}.Debug|Any CPU.Build.0 = Debug|Any CPU
		{C88085B4-E3CD-4B7D-8959-26D96B89740F}.Release|Any CPU.ActiveCfg = Release|Any CPU
		{C88085B4-E3CD-4B7D-8959-26D96B89740F}.Release|Any CPU.Build.0 = Release|Any CPU
		{7EA9D4BB-A120-4E2B-8F87-7FEEF44E8B34}.Debug|Any CPU.ActiveCfg = Debug|Any CPU
		{7EA9D4BB-A120-4E2B-8F87-7FEEF44E8B34}.Debug|Any CPU.Build.0 = Debug|Any CPU
		{7EA9D4BB-A120-4E2B-8F87-7FEEF44E8B34}.Release|Any CPU.ActiveCfg = Release|Any CPU
		{7EA9D4BB-A120-4E2B-8F87-7FEEF44E8B34}.Release|Any CPU.Build.0 = Release|Any CPU
	EndGlobalSection
	GlobalSection(SolutionProperties) = preSolution
		HideSolutionNode = FALSE
	EndGlobalSection
EndGlobal
